
Microsoft Visual Studio Solution File, Format Version 12.00
# Visual Studio Version 17
VisualStudioVersion = 17.13.35806.99 d17.13
MinimumVisualStudioVersion = 10.0.40219.1
Project("{FAE04EC0-301F-11D3-BF4B-00C04F79EFBC}") = "webapp", "webapp\webapp.csproj", "{16AFFB5C-DB62-4B26-AEB4-1E549756B536}"
EndProject
Global
	GlobalSection(SolutionConfigurationPlatforms) = preSolution
		Debug|Any CPU = Debug|Any CPU
		Release|Any CPU = Release|Any CPU
	EndGlobalSection
	GlobalSection(ProjectConfigurationPlatforms) = postSolution
		{16AFFB5C-DB62-4B26-AEB4-1E549756B536}.Debug|Any CPU.ActiveCfg = Debug|Any CPU
		{16AFFB5C-DB62-4B26-AEB4-1E549756B536}.Debug|Any CPU.Build.0 = Debug|Any CPU
		{16AFFB5C-DB62-4B26-AEB4-1E549756B536}.Release|Any CPU.ActiveCfg = Release|Any CPU
		{16AFFB5C-DB62-4B26-AEB4-1E549756B536}.Release|Any CPU.Build.0 = Release|Any CPU
	EndGlobalSection
	GlobalSection(SolutionProperties) = preSolution
		HideSolutionNode = FALSE
	EndGlobalSection
	GlobalSection(ExtensibilityGlobals) = postSolution
		SolutionGuid = {C8C4A888-9CAF-4D26-B168-78307B9AF5D7}
	EndGlobalSection
EndGlobal
